PODS:
  - AppAuth (1.3.0):
    - AppAuth/Core (= 1.3.0)
    - AppAuth/ExternalUserAgent (= 1.3.0)
  - AppAuth/Core (1.3.0)
  - AppAuth/ExternalUserAgent (1.3.0)
  - FlowarePopover (0.3.3)
  - GTMAppAuth (1.0.0):
    - AppAuth/Core (~> 1.0)
    - GTMSessionFetcher (~> 1.1)
  - GTMSessionFetcher (1.3.0):
    - GTMSessionFetcher/Full (= 1.3.0)
  - GTMSessionFetcher/Core (1.3.0)
  - GTMSessionFetcher/Full (1.3.0):
    - GTMSessionFetcher/Core (= 1.3.0)
  - Sparkle (1.22.0)

DEPENDENCIES:
  - AppAuth
  - FlowarePopover
  - GTMAppAuth
  - Sparkle

SPEC REPOS:
  trunk:
    - AppAuth
    - FlowarePopover
    - GTMAppAuth
    - GTMSessionFetcher
    - Sparkle

SPEC CHECKSUMS:
  AppAuth: 73574f3013a1e65b9601a3ddc8b3158cce68c09d
  FlowarePopover: 3ee5b6e972eafda908d9dc8cac0db7dea766fdb5
  GTMAppAuth: 4deac854479704f348309e7b66189e604cf5e01e
  GTMSessionFetcher: 43b8b64263023d4f32caa0b40f4c8bfa3c5f36d8
  Sparkle: 593ac2e677c07bcb6c3b22d621240e7cbedaab57

PODFILE CHECKSUM: b7bdd0ba6246c0ae36d71f70a34c58b76772bc2c

COCOAPODS: 1.8.4
