PODS:
  - AppAuth (1.4.0):
    - AppAuth/Core (= 1.4.0)
    - AppAuth/ExternalUserAgent (= 1.4.0)
  - AppAuth/Core (1.4.0)
  - AppAuth/ExternalUserAgent (1.4.0)
  - FlowarePopover (0.3.4)
  - GTMAppAuth (1.0.0):
    - AppAuth/Core (~> 1.0)
    - GTMSessionFetcher (~> 1.1)
  - GTMSessionFetcher (1.4.0):
    - GTMSessionFetcher/Full (= 1.4.0)
  - GTMSessionFetcher/Core (1.4.0)
  - GTMSessionFetcher/Full (1.4.0):
    - GTMSessionFetcher/Core (= 1.4.0)
  - Sparkle (1.23.0)

DEPENDENCIES:
  - AppAuth
  - FlowarePopover
  - GTMAppAuth
  - Sparkle

SPEC REPOS:
  trunk:
    - AppAuth
    - FlowarePopover
    - GTMAppAuth
    - GTMSessionFetcher
    - Sparkle

SPEC CHECKSUMS:
  AppAuth: 31bcec809a638d7bd2f86ea8a52bd45f6e81e7c7
  FlowarePopover: 4db44d9b28b5bdcb7d008226712303d9f6fbde20
  GTMAppAuth: 4deac854479704f348309e7b66189e604cf5e01e
  GTMSessionFetcher: 6f5c8abbab8a9bce4bb3f057e317728ec6182b10
  Sparkle: 55b1a87ba69d56913375a281546b7c82dec95bb0

PODFILE CHECKSUM: b7bdd0ba6246c0ae36d71f70a34c58b76772bc2c

COCOAPODS: 1.8.4
